// !$*UTF8*$!
{
	archiveVersion = 1;
	classes = {
	};
	objectVersion = 48;
	objects = {

/* Begin PBXBuildFile section */
		3422865E1F4DA224007CE796 /* AppDelegate.swift in Sources */ = {isa = PBXBuildFile; fileRef = 3422865D1F4DA224007CE796 /* AppDelegate.swift */; };
		342286601F4DA224007CE796 /* ViewController.swift in Sources */ = {isa = PBXBuildFile; fileRef = 3422865F1F4DA224007CE796 /* ViewController.swift */; };
		342286631F4DA224007CE796 /* Main.storyboard in Resources */ = {isa = PBXBuildFile; fileRef = 342286611F4DA224007CE796 /* Main.storyboard */; };
		342286651F4DA224007CE796 /* Assets.xcassets in Resources */ = {isa = PBXBuildFile; fileRef = 342286641F4DA224007CE796 /* Assets.xcassets */; };
		342286681F4DA224007CE796 /* LaunchScreen.storyboard in Resources */ = {isa = PBXBuildFile; fileRef = 342286661F4DA224007CE796 /* LaunchScreen.storyboard */; };
		3422867E1F4DA436007CE796 /* DailyExpensesBasedOnSalaryTests.swift in Sources */ = {isa = PBXBuildFile; fileRef = 3422867D1F4DA436007CE796 /* DailyExpensesBasedOnSalaryTests.swift */; };
		3497CA4C1F4EF71500C33999 /* DailyExpensesBasedOnSalary.swift in Sources */ = {isa = PBXBuildFile; fileRef = 3497CA4B1F4EF71500C33999 /* DailyExpensesBasedOnSalary.swift */; };
		3497CA4E1F4EF73600C33999 /* SalaryGateway.swift in Sources */ = {isa = PBXBuildFile; fileRef = 3497CA4D1F4EF73600C33999 /* SalaryGateway.swift */; };
		3497CA511F4EF7A800C33999 /* SalaryGatewayMock.swift in Sources */ = {isa = PBXBuildFile; fileRef = 3497CA501F4EF7A800C33999 /* SalaryGatewayMock.swift */; };
		3497CA531F4EF7C000C33999 /* Salary.swift in Sources */ = {isa = PBXBuildFile; fileRef = 3497CA521F4EF7C000C33999 /* Salary.swift */; };
/* End PBXBuildFile section */

/* Begin PBXContainerItemProxy section */
		3422866F1F4DA225007CE796 /* PBXContainerItemProxy */ = {
			isa = PBXContainerItemProxy;
			containerPortal = 342286521F4DA224007CE796 /* Project object */;
			proxyType = 1;
			remoteGlobalIDString = 342286591F4DA224007CE796;
			remoteInfo = Togaita;
		};
/* End PBXContainerItemProxy section */

/* Begin PBXFileReference section */
		3422865A1F4DA224007CE796 /* Togaita.app */ = {isa = PBXFileReference; explicitFileType = wrapper.application; includeInIndex = 0; path = Togaita.app; sourceTree = BUILT_PRODUCTS_DIR; };
		3422865D1F4DA224007CE796 /* AppDelegate.swift */ = {isa = PBXFileReference; lastKnownFileType = sourcecode.swift; path = AppDelegate.swift; sourceTree = "<group>"; };
		3422865F1F4DA224007CE796 /* ViewController.swift */ = {isa = PBXFileReference; lastKnownFileType = sourcecode.swift; path = ViewController.swift; sourceTree = "<group>"; };
		342286621F4DA224007CE796 /* Base */ = {isa = PBXFileReference; lastKnownFileType = file.storyboard; name = Base; path = Base.lproj/Main.storyboard; sourceTree = "<group>"; };
		342286641F4DA224007CE796 /* Assets.xcassets */ = {isa = PBXFileReference; lastKnownFileType = folder.assetcatalog; path = Assets.xcassets; sourceTree = "<group>"; };
		342286671F4DA224007CE796 /* Base */ = {isa = PBXFileReference; lastKnownFileType = file.storyboard; name = Base; path = Base.lproj/LaunchScreen.storyboard; sourceTree = "<group>"; };
		342286691F4DA224007CE796 /* Info.plist */ = {isa = PBXFileReference; lastKnownFileType = text.plist.xml; path = Info.plist; sourceTree = "<group>"; };
		3422866E1F4DA225007CE796 /* TogaitaTests.xctest */ = {isa = PBXFileReference; explicitFileType = wrapper.cfbundle; includeInIndex = 0; path = TogaitaTests.xctest; sourceTree = BUILT_PRODUCTS_DIR; };
		342286741F4DA225007CE796 /* Info.plist */ = {isa = PBXFileReference; lastKnownFileType = text.plist.xml; path = Info.plist; sourceTree = "<group>"; };
		3422867D1F4DA436007CE796 /* DailyExpensesBasedOnSalaryTests.swift */ = {isa = PBXFileReference; lastKnownFileType = sourcecode.swift; path = DailyExpensesBasedOnSalaryTests.swift; sourceTree = "<group>"; };
		3497CA4B1F4EF71500C33999 /* DailyExpensesBasedOnSalary.swift */ = {isa = PBXFileReference; lastKnownFileType = sourcecode.swift; path = DailyExpensesBasedOnSalary.swift; sourceTree = "<group>"; };
		3497CA4D1F4EF73600C33999 /* SalaryGateway.swift */ = {isa = PBXFileReference; lastKnownFileType = sourcecode.swift; path = SalaryGateway.swift; sourceTree = "<group>"; };
		3497CA501F4EF7A800C33999 /* SalaryGatewayMock.swift */ = {isa = PBXFileReference; lastKnownFileType = sourcecode.swift; path = SalaryGatewayMock.swift; sourceTree = "<group>"; };
		3497CA521F4EF7C000C33999 /* Salary.swift */ = {isa = PBXFileReference; lastKnownFileType = sourcecode.swift; path = Salary.swift; sourceTree = "<group>"; };
/* End PBXFileReference section */

/* Begin PBXFrameworksBuildPhase section */
		342286571F4DA224007CE796 /* Frameworks */ = {
			isa = PBXFrameworksBuildPhase;
			buildActionMask = 2147483647;
			files = (
			);
			runOnlyForDeploymentPostprocessing = 0;
		};
		3422866B1F4DA225007CE796 /* Frameworks */ = {
			isa = PBXFrameworksBuildPhase;
			buildActionMask = 2147483647;
			files = (
			);
			runOnlyForDeploymentPostprocessing = 0;
		};
/* End PBXFrameworksBuildPhase section */

/* Begin PBXGroup section */
		342286511F4DA224007CE796 = {
			isa = PBXGroup;
			children = (
				3422865C1F4DA224007CE796 /* Togaita */,
				342286711F4DA225007CE796 /* TogaitaTests */,
				3422865B1F4DA224007CE796 /* Products */,
			);
			sourceTree = "<group>";
		};
		3422865B1F4DA224007CE796 /* Products */ = {
			isa = PBXGroup;
			children = (
				3422865A1F4DA224007CE796 /* Togaita.app */,
				3422866E1F4DA225007CE796 /* TogaitaTests.xctest */,
			);
			name = Products;
			sourceTree = "<group>";
		};
		3422865C1F4DA224007CE796 /* Togaita */ = {
			isa = PBXGroup;
			children = (
				3497CA4A1F4EF70000C33999 /* DailyExpenses */,
				3422865D1F4DA224007CE796 /* AppDelegate.swift */,
				3422865F1F4DA224007CE796 /* ViewController.swift */,
				342286611F4DA224007CE796 /* Main.storyboard */,
				342286641F4DA224007CE796 /* Assets.xcassets */,
				342286661F4DA224007CE796 /* LaunchScreen.storyboard */,
				342286691F4DA224007CE796 /* Info.plist */,
			);
			path = Togaita;
			sourceTree = "<group>";
		};
		342286711F4DA225007CE796 /* TogaitaTests */ = {
			isa = PBXGroup;
			children = (
				3497CA4F1F4EF78E00C33999 /* Doubles */,
				342286741F4DA225007CE796 /* Info.plist */,
				3422867D1F4DA436007CE796 /* DailyExpensesBasedOnSalaryTests.swift */,
			);
			path = TogaitaTests;
			sourceTree = "<group>";
		};
		3497CA4A1F4EF70000C33999 /* DailyExpenses */ = {
			isa = PBXGroup;
			children = (
				3497CA4B1F4EF71500C33999 /* DailyExpensesBasedOnSalary.swift */,
				3497CA4D1F4EF73600C33999 /* SalaryGateway.swift */,
				3497CA521F4EF7C000C33999 /* Salary.swift */,
			);
			path = DailyExpenses;
			sourceTree = "<group>";
		};
		3497CA4F1F4EF78E00C33999 /* Doubles */ = {
			isa = PBXGroup;
			children = (
				3497CA501F4EF7A800C33999 /* SalaryGatewayMock.swift */,
			);
			path = Doubles;
			sourceTree = "<group>";
		};
/* End PBXGroup section */

/* Begin PBXNativeTarget section */
		342286591F4DA224007CE796 /* Togaita */ = {
			isa = PBXNativeTarget;
			buildConfigurationList = 342286771F4DA225007CE796 /* Build configuration list for PBXNativeTarget "Togaita" */;
			buildPhases = (
				342286561F4DA224007CE796 /* Sources */,
				342286571F4DA224007CE796 /* Frameworks */,
				342286581F4DA224007CE796 /* Resources */,
			);
			buildRules = (
			);
			dependencies = (
			);
			name = Togaita;
			productName = Togaita;
			productReference = 3422865A1F4DA224007CE796 /* Togaita.app */;
			productType = "com.apple.product-type.application";
		};
		3422866D1F4DA225007CE796 /* TogaitaTests */ = {
			isa = PBXNativeTarget;
			buildConfigurationList = 3422867A1F4DA225007CE796 /* Build configuration list for PBXNativeTarget "TogaitaTests" */;
			buildPhases = (
				3422866A1F4DA225007CE796 /* Sources */,
				3422866B1F4DA225007CE796 /* Frameworks */,
				3422866C1F4DA225007CE796 /* Resources */,
			);
			buildRules = (
			);
			dependencies = (
				342286701F4DA225007CE796 /* PBXTargetDependency */,
			);
			name = TogaitaTests;
			productName = TogaitaTests;
			productReference = 3422866E1F4DA225007CE796 /* TogaitaTests.xctest */;
			productType = "com.apple.product-type.bundle.unit-test";
		};
/* End PBXNativeTarget section */

/* Begin PBXProject section */
		342286521F4DA224007CE796 /* Project object */ = {
			isa = PBXProject;
			attributes = {
				LastSwiftUpdateCheck = 0900;
				LastUpgradeCheck = 0900;
				ORGANIZATIONNAME = "Ronan R. Nunes";
				TargetAttributes = {
					342286591F4DA224007CE796 = {
						CreatedOnToolsVersion = 9.0;
						ProvisioningStyle = Automatic;
					};
					3422866D1F4DA225007CE796 = {
						CreatedOnToolsVersion = 9.0;
						ProvisioningStyle = Automatic;
						TestTargetID = 342286591F4DA224007CE796;
					};
				};
			};
			buildConfigurationList = 342286551F4DA224007CE796 /* Build configuration list for PBXProject "Togaita" */;
			compatibilityVersion = "Xcode 8.0";
			developmentRegion = en;
			hasScannedForEncodings = 0;
			knownRegions = (
				en,
				Base,
			);
			mainGroup = 342286511F4DA224007CE796;
			productRefGroup = 3422865B1F4DA224007CE796 /* Products */;
			projectDirPath = "";
			projectRoot = "";
			targets = (
				342286591F4DA224007CE796 /* Togaita */,
				3422866D1F4DA225007CE796 /* TogaitaTests */,
			);
		};
/* End PBXProject section */

/* Begin PBXResourcesBuildPhase section */
		342286581F4DA224007CE796 /* Resources */ = {
			isa = PBXResourcesBuildPhase;
			buildActionMask = 2147483647;
			files = (
				342286681F4DA224007CE796 /* LaunchScreen.storyboard in Resources */,
				342286651F4DA224007CE796 /* Assets.xcassets in Resources */,
				342286631F4DA224007CE796 /* Main.storyboard in Resources */,
			);
			runOnlyForDeploymentPostprocessing = 0;
		};
		3422866C1F4DA225007CE796 /* Resources */ = {
			isa = PBXResourcesBuildPhase;
			buildActionMask = 2147483647;
			files = (
			);
			runOnlyForDeploymentPostprocessing = 0;
		};
/* End PBXResourcesBuildPhase section */

/* Begin PBXSourcesBuildPhase section */
		342286561F4DA224007CE796 /* Sources */ = {
			isa = PBXSourcesBuildPhase;
			buildActionMask = 2147483647;
			files = (
				3497CA4E1F4EF73600C33999 /* SalaryGateway.swift in Sources */,
				3497CA4C1F4EF71500C33999 /* DailyExpensesBasedOnSalary.swift in Sources */,
				342286601F4DA224007CE796 /* ViewController.swift in Sources */,
				3497CA531F4EF7C000C33999 /* Salary.swift in Sources */,
				3422865E1F4DA224007CE796 /* AppDelegate.swift in Sources */,
			);
			runOnlyForDeploymentPostprocessing = 0;
		};
		3422866A1F4DA225007CE796 /* Sources */ = {
			isa = PBXSourcesBuildPhase;
			buildActionMask = 2147483647;
			files = (
				3497CA511F4EF7A800C33999 /* SalaryGatewayMock.swift in Sources */,
				3422867E1F4DA436007CE796 /* DailyExpensesBasedOnSalaryTests.swift in Sources */,
			);
			runOnlyForDeploymentPostprocessing = 0;
		};
/* End PBXSourcesBuildPhase section */

/* Begin PBXTargetDependency section */
		342286701F4DA225007CE796 /* PBXTargetDependency */ = {
			isa = PBXTargetDependency;
			target = 342286591F4DA224007CE796 /* Togaita */;
			targetProxy = 3422866F1F4DA225007CE796 /* PBXContainerItemProxy */;
		};
/* End PBXTargetDependency section */

/* Begin PBXVariantGroup section */
		342286611F4DA224007CE796 /* Main.storyboard */ = {
			isa = PBXVariantGroup;
			children = (
				342286621F4DA224007CE796 /* Base */,
			);
			name = Main.storyboard;
			sourceTree = "<group>";
		};
		342286661F4DA224007CE796 /* LaunchScreen.storyboard */ = {
			isa = PBXVariantGroup;
			children = (
				342286671F4DA224007CE796 /* Base */,
			);
			name = LaunchScreen.storyboard;
			sourceTree = "<group>";
		};
/* End PBXVariantGroup section */

/* Begin XCBuildConfiguration section */
		342286751F4DA225007CE796 /* Debug */ = {
			isa = XCBuildConfiguration;
			buildSettings = {
				ALWAYS_SEARCH_USER_PATHS = NO;
				CLANG_ANALYZER_NONNULL = YES;
				CLANG_ANALYZER_NUMBER_OBJECT_CONVERSION = YES_AGGRESSIVE;
				CLANG_CXX_LANGUAGE_STANDARD = "gnu++14";
				CLANG_CXX_LIBRARY = "libc++";
				CLANG_ENABLE_MODULES = YES;
				CLANG_ENABLE_OBJC_ARC = YES;
				CLANG_WARN_BLOCK_CAPTURE_AUTORELEASING = YES;
				CLANG_WARN_BOOL_CONVERSION = YES;
				CLANG_WARN_COMMA = YES;
				CLANG_WARN_CONSTANT_CONVERSION = YES;
				CLANG_WARN_DIRECT_OBJC_ISA_USAGE = YES_ERROR;
				CLANG_WARN_DOCUMENTATION_COMMENTS = YES;
				CLANG_WARN_EMPTY_BODY = YES;
				CLANG_WARN_ENUM_CONVERSION = YES;
				CLANG_WARN_INFINITE_RECURSION = YES;
				CLANG_WARN_INT_CONVERSION = YES;
				CLANG_WARN_NON_LITERAL_NULL_CONVERSION = YES;
				CLANG_WARN_OBJC_LITERAL_CONVERSION = YES;
				CLANG_WARN_OBJC_ROOT_CLASS = YES_ERROR;
				CLANG_WARN_RANGE_LOOP_ANALYSIS = YES;
				CLANG_WARN_STRICT_PROTOTYPES = YES;
				CLANG_WARN_SUSPICIOUS_MOVE = YES;
				CLANG_WARN_UNGUARDED_AVAILABILITY = YES_AGGRESSIVE;
				CLANG_WARN_UNREACHABLE_CODE = YES;
				CLANG_WARN__DUPLICATE_METHOD_MATCH = YES;
				CODE_SIGN_IDENTITY = "iPhone Developer";
				COPY_PHASE_STRIP = NO;
				DEBUG_INFORMATION_FORMAT = dwarf;
				ENABLE_STRICT_OBJC_MSGSEND = YES;
				ENABLE_TESTABILITY = YES;
				GCC_C_LANGUAGE_STANDARD = gnu11;
				GCC_DYNAMIC_NO_PIC = NO;
				GCC_NO_COMMON_BLOCKS = YES;
				GCC_OPTIMIZATION_LEVEL = 0;
				GCC_PREPROCESSOR_DEFINITIONS = (
					"DEBUG=1",
					"$(inherited)",
				);
				GCC_WARN_64_TO_32_BIT_CONVERSION = YES;
				GCC_WARN_ABOUT_RETURN_TYPE = YES_ERROR;
				GCC_WARN_UNDECLARED_SELECTOR = YES;
				GCC_WARN_UNINITIALIZED_AUTOS = YES_AGGRESSIVE;
				GCC_WARN_UNUSED_FUNCTION = YES;
				GCC_WARN_UNUSED_VARIABLE = YES;
				IPHONEOS_DEPLOYMENT_TARGET = 11.0;
				MTL_ENABLE_DEBUG_INFO = YES;
				ONLY_ACTIVE_ARCH = YES;
				SDKROOT = iphoneos;
				SWIFT_ACTIVE_COMPILATION_CONDITIONS = DEBUG;
				SWIFT_OPTIMIZATION_LEVEL = "-Onone";
			};
			name = Debug;
		};
		342286761F4DA225007CE796 /* Release */ = {
			isa = XCBuildConfiguration;
			buildSettings = {
				ALWAYS_SEARCH_USER_PATHS = NO;
				CLANG_ANALYZER_NONNULL = YES;
				CLANG_ANALYZER_NUMBER_OBJECT_CONVERSION = YES_AGGRESSIVE;
				CLANG_CXX_LANGUAGE_STANDARD = "gnu++14";
				CLANG_CXX_LIBRARY = "libc++";
				CLANG_ENABLE_MODULES = YES;
				CLANG_ENABLE_OBJC_ARC = YES;
				CLANG_WARN_BLOCK_CAPTURE_AUTORELEASING = YES;
				CLANG_WARN_BOOL_CONVERSION = YES;
				CLANG_WARN_COMMA = YES;
				CLANG_WARN_CONSTANT_CONVERSION = YES;
				CLANG_WARN_DIRECT_OBJC_ISA_USAGE = YES_ERROR;
				CLANG_WARN_DOCUMENTATION_COMMENTS = YES;
				CLANG_WARN_EMPTY_BODY = YES;
				CLANG_WARN_ENUM_CONVERSION = YES;
				CLANG_WARN_INFINITE_RECURSION = YES;
				CLANG_WARN_INT_CONVERSION = YES;
				CLANG_WARN_NON_LITERAL_NULL_CONVERSION = YES;
				CLANG_WARN_OBJC_LITERAL_CONVERSION = YES;
				CLANG_WARN_OBJC_ROOT_CLASS = YES_ERROR;
				CLANG_WARN_RANGE_LOOP_ANALYSIS = YES;
				CLANG_WARN_STRICT_PROTOTYPES = YES;
				CLANG_WARN_SUSPICIOUS_MOVE = YES;
				CLANG_WARN_UNGUARDED_AVAILABILITY = YES_AGGRESSIVE;
				CLANG_WARN_UNREACHABLE_CODE = YES;
				CLANG_WARN__DUPLICATE_METHOD_MATCH = YES;
				CODE_SIGN_IDENTITY = "iPhone Developer";
				COPY_PHASE_STRIP = NO;
				DEBUG_INFORMATION_FORMAT = "dwarf-with-dsym";
				ENABLE_NS_ASSERTIONS = NO;
				ENABLE_STRICT_OBJC_MSGSEND = YES;
				GCC_C_LANGUAGE_STANDARD = gnu11;
				GCC_NO_COMMON_BLOCKS = YES;
				GCC_WARN_64_TO_32_BIT_CONVERSION = YES;
				GCC_WARN_ABOUT_RETURN_TYPE = YES_ERROR;
				GCC_WARN_UNDECLARED_SELECTOR = YES;
				GCC_WARN_UNINITIALIZED_AUTOS = YES_AGGRESSIVE;
				GCC_WARN_UNUSED_FUNCTION = YES;
				GCC_WARN_UNUSED_VARIABLE = YES;
				IPHONEOS_DEPLOYMENT_TARGET = 11.0;
				MTL_ENABLE_DEBUG_INFO = NO;
				SDKROOT = iphoneos;
				SWIFT_OPTIMIZATION_LEVEL = "-Owholemodule";
				VALIDATE_PRODUCT = YES;
			};
			name = Release;
		};
		342286781F4DA225007CE796 /* Debug */ = {
			isa = XCBuildConfiguration;
			buildSettings = {
				ASSETCATALOG_COMPILER_APPICON_NAME = AppIcon;
				CODE_SIGN_STYLE = Automatic;
				DEVELOPMENT_TEAM = 9NV567FXY4;
				INFOPLIST_FILE = Togaita/Info.plist;
				LD_RUNPATH_SEARCH_PATHS = "$(inherited) @executable_path/Frameworks";
				PRODUCT_BUNDLE_IDENTIFIER = com.ronanrodrigo.Togaita;
				PRODUCT_NAME = "$(TARGET_NAME)";
				SWIFT_VERSION = 4.0;
				TARGETED_DEVICE_FAMILY = "1,2";
			};
			name = Debug;
		};
		342286791F4DA225007CE796 /* Release */ = {
			isa = XCBuildConfiguration;
			buildSettings = {
				ASSETCATALOG_COMPILER_APPICON_NAME = AppIcon;
				CODE_SIGN_STYLE = Automatic;
				DEVELOPMENT_TEAM = 9NV567FXY4;
				INFOPLIST_FILE = Togaita/Info.plist;
				LD_RUNPATH_SEARCH_PATHS = "$(inherited) @executable_path/Frameworks";
				PRODUCT_BUNDLE_IDENTIFIER = com.ronanrodrigo.Togaita;
				PRODUCT_NAME = "$(TARGET_NAME)";
				SWIFT_VERSION = 4.0;
				TARGETED_DEVICE_FAMILY = "1,2";
			};
			name = Release;
		};
		3422867B1F4DA225007CE796 /* Debug */ = {
			isa = XCBuildConfiguration;
			buildSettings = {
				ALWAYS_EMBED_SWIFT_STANDARD_LIBRARIES = YES;
				BUNDLE_LOADER = "$(TEST_HOST)";
				CODE_SIGN_STYLE = Automatic;
				DEVELOPMENT_TEAM = 9NV567FXY4;
				INFOPLIST_FILE = TogaitaTests/Info.plist;
				LD_RUNPATH_SEARCH_PATHS = "$(inherited) @executable_path/Frameworks @loader_path/Frameworks";
				PRODUCT_BUNDLE_IDENTIFIER = com.ronanrodrigo.TogaitaTests;
				PRODUCT_NAME = "$(TARGET_NAME)";
				SWIFT_VERSION = 4.0;
				TARGETED_DEVICE_FAMILY = "1,2";
				TEST_HOST = "$(BUILT_PRODUCTS_DIR)/Togaita.app/Togaita";
			};
			name = Debug;
		};
		3422867C1F4DA225007CE796 /* Release */ = {
			isa = XCBuildConfiguration;
			buildSettings = {
				ALWAYS_EMBED_SWIFT_STANDARD_LIBRARIES = YES;
				BUNDLE_LOADER = "$(TEST_HOST)";
				CODE_SIGN_STYLE = Automatic;
				DEVELOPMENT_TEAM = 9NV567FXY4;
				INFOPLIST_FILE = TogaitaTests/Info.plist;
				LD_RUNPATH_SEARCH_PATHS = "$(inherited) @executable_path/Frameworks @loader_path/Frameworks";
				PRODUCT_BUNDLE_IDENTIFIER = com.ronanrodrigo.TogaitaTests;
				PRODUCT_NAME = "$(TARGET_NAME)";
				SWIFT_VERSION = 4.0;
				TARGETED_DEVICE_FAMILY = "1,2";
				TEST_HOST = "$(BUILT_PRODUCTS_DIR)/Togaita.app/Togaita";
			};
			name = Release;
		};
/* End XCBuildConfiguration section */

/* Begin XCConfigurationList section */
		342286551F4DA224007CE796 /* Build configuration list for PBXProject "Togaita" */ = {
			isa = XCConfigurationList;
			buildConfigurations = (
				342286751F4DA225007CE796 /* Debug */,
				342286761F4DA225007CE796 /* Release */,
			);
			defaultConfigurationIsVisible = 0;
			defaultConfigurationName = Release;
		};
		342286771F4DA225007CE796 /* Build configuration list for PBXNativeTarget "Togaita" */ = {
			isa = XCConfigurationList;
			buildConfigurations = (
				342286781F4DA225007CE796 /* Debug */,
				342286791F4DA225007CE796 /* Release */,
			);
			defaultConfigurationIsVisible = 0;
			defaultConfigurationName = Release;
		};
		3422867A1F4DA225007CE796 /* Build configuration list for PBXNativeTarget "TogaitaTests" */ = {
			isa = XCConfigurationList;
			buildConfigurations = (
				3422867B1F4DA225007CE796 /* Debug */,
				3422867C1F4DA225007CE796 /* Release */,
			);
			defaultConfigurationIsVisible = 0;
			defaultConfigurationName = Release;
		};
/* End XCConfigurationList section */
	};
	rootObject = 342286521F4DA224007CE796 /* Project object */;
}
